PODS:
  - Capacitor (7.4.4):
    - CapacitorCordova
  - CapacitorApp (7.1.0):
    - Capacitor
  - CapacitorCamera (7.0.2):
    - Capacitor
  - CapacitorCordova (7.4.4)
  - CapacitorFilesystem (7.1.4):
    - Capacitor
    - IONFilesystemLib (~> 1.0.1)
  - CapacitorNetwork (7.0.2):
    - Capacitor
  - CapacitorSplashScreen (7.0.3):
    - Capacitor
  - CapacitorStatusBar (7.0.3):
    - Capacitor
  - IONFilesystemLib (1.0.1)

DEPENDENCIES:
  - "Capacitor (from `../../node_modules/@capacitor/ios`)"
  - "CapacitorApp (from `../../node_modules/@capacitor/app`)"
  - "CapacitorCamera (from `../../node_modules/@capacitor/camera`)"
  - "CapacitorCordova (from `../../node_modules/@capacitor/ios`)"
  - "CapacitorFilesystem (from `../../node_modules/@capacitor/filesystem`)"
  - "CapacitorNetwork (from `../../node_modules/@capacitor/network`)"
  - "CapacitorSplashScreen (from `../../node_modules/@capacitor/splash-screen`)"
  - "CapacitorStatusBar (from `../../node_modules/@capacitor/status-bar`)"

SPEC REPOS:
  trunk:
    - IONFilesystemLib

EXTERNAL SOURCES:
  Capacitor:
    :path: "../../node_modules/@capacitor/ios"
  CapacitorApp:
    :path: "../../node_modules/@capacitor/app"
  CapacitorCamera:
    :path: "../../node_modules/@capacitor/camera"
  CapacitorCordova:
    :path: "../../node_modules/@capacitor/ios"
  CapacitorFilesystem:
    :path: "../../node_modules/@capacitor/filesystem"
  CapacitorNetwork:
    :path: "../../node_modules/@capacitor/network"
  CapacitorSplashScreen:
    :path: "../../node_modules/@capacitor/splash-screen"
  CapacitorStatusBar:
    :path: "../../node_modules/@capacitor/status-bar"

SPEC CHECKSUMS:
  Capacitor: 358dd1c3fdd71d969547b17e159fd8a7736cb45f
  CapacitorApp: 26587c2ce485d88ddb39adb21cac64f8e481afe3
  CapacitorCamera: f9e54db0a18bb218a8dc360907d63aaefe9209ff
  CapacitorCordova: bf648a636f3c153f652d312ae145fb508b6ffced
  CapacitorFilesystem: f9bd850c41e048180e5dc0cbb90f2033ede9d2cc
  CapacitorNetwork: 695069886b3c5ed514db69aa3d026b8dc3c03a6b
  CapacitorSplashScreen: e388b8e0ed0e982a9d3a40417f478e7a018a8763
  CapacitorStatusBar: 0659ddc7b1713764a05831463d215b177a15d054
  IONFilesystemLib: 89258b8e3e85465da93127d25d7ce37f977e8a6f

PODFILE CHECKSUM: 79548e2135083fca8f10189d5332dc5b7605e336

COCOAPODS: 1.16.2
